
Microsoft Visual Studio Solution File, Format Version 12.00
# Visual Studio 15
VisualStudioVersion = 15.0.26730.16
MinimumVisualStudioVersion = 10.0.40219.1
Project("{8BC9CEB8-8B4A-11D0-8D11-00A0C91BC942}") = "Lab2", "Lab2\Lab2.vcxproj", "{8EC129F9-5D24-4E96-95AC-D3E015F5F7AF}"
EndProject
Global
	GlobalSection(SolutionConfigurationPlatforms) = preSolution
		Debug|x64 = Debug|x64
		Debug|x86 = Debug|x86
		Release|x64 = Release|x64
		Release|x86 = Release|x86
	EndGlobalSection
	GlobalSection(ProjectConfigurationPlatforms) = postSolution
		{8EC129F9-5D24-4E96-95AC-D3E015F5F7AF}.Debug|x64.ActiveCfg = Debug|x64
		{8EC129F9-5D24-4E96-95AC-D3E015F5F7AF}.Debug|x64.Build.0 = Debug|x64
		{8EC129F9-5D24-4E96-95AC-D3E015F5F7AF}.Debug|x86.ActiveCfg = Debug|Win32
		{8EC129F9-5D24-4E96-95AC-D3E015F5F7AF}.Debug|x86.Build.0 = Debug|Win32
		{8EC129F9-5D24-4E96-95AC-D3E015F5F7AF}.Release|x64.ActiveCfg = Release|x64
		{8EC129F9-5D24-4E96-95AC-D3E015F5F7AF}.Release|x64.Build.0 = Release|x64
		{8EC129F9-5D24-4E96-95AC-D3E015F5F7AF}.Release|x86.ActiveCfg = Release|Win32
		{8EC129F9-5D24-4E96-95AC-D3E015F5F7AF}.Release|x86.Build.0 = Release|Win32
	EndGlobalSection
	GlobalSection(SolutionProperties) = preSolution
		HideSolutionNode = FALSE
	EndGlobalSection
	GlobalSection(ExtensibilityGlobals) = postSolution
		SolutionGuid = {6B3E1625-50C8-4CC6-825A-7359B6129EBE}
	EndGlobalSection
EndGlobal
